Microsoft Visual Studio Solution File, Format Version 12.00
# Visual Studio Version 17
VisualStudioVersion = 17.4.33213.308
MinimumVisualStudioVersion = 15.0.26124.0
Project("{9A19103F-16F7-4668-BE54-9A1E7A4F7556}") = "maestro", "maestro\maestro.csproj", "{F1155235-ECAF-48EA-BA8C-D7C161DAD764}"
EndProject
Project("{9A19103F-16F7-4668-BE54-9A1E7A4F7556}") = "worker-example", "worker-example\worker-example.csproj", "{4F71EB95-5BB1-4B0D-8DB6-BF30CA7D5B76}"
EndProject
Project("{9A19103F-16F7-4668-BE54-9A1E7A4F7556}") = "worker-template", "worker-template\worker-template.csproj", "{4D937430-33D6-451D-9091-DAFBBDC342AE}"
EndProject
Project("{9A19103F-16F7-4668-BE54-9A1E7A4F7556}") = "orchestration-common", "orchestration-common\orchestration-common.csproj", "{154386B9-A499-4144-BCB0-2B803FF5BE22}"
EndProject
Project("{9A19103F-16F7-4668-BE54-9A1E7A4F7556}") = "orchestration-db", "orchestration-db\orchestration-db.csproj", "{1BD88B36-1291-4D70-8517-513768D188FC}"
EndProject
Project("{9A19103F-16F7-4668-BE54-9A1E7A4F7556}") = "worker-easynmt", "worker-easynmt\worker-easynmt.csproj", "{2F0BCBC1-A67D-43E7-9382-1126538AF03C}"
EndProject
Project("{9A19103F-16F7-4668-BE54-9A1E7A4F7556}") = "worker-easypython", "worker-easypython\worker-easypython.csproj", "{AC5B1603-F9FF-4793-AAAF-DB8025696C70}"
EndProject
Project("{9A19103F-16F7-4668-BE54-9A1E7A4F7556}") = "worker-rest", "worker-rest\worker-rest.csproj", "{810669CC-CD2A-4639-929A-6B0A1E4CAC92}"
EndProject
Project("{9A19103F-16F7-4668-BE54-9A1E7A4F7556}") = "maestro.Tests", "maestro.Tests\maestro.Tests.csproj", "{03DD6B6B-154C-4E85-A260-DB827D843986}"
EndProject
Project("{9A19103F-16F7-4668-BE54-9A1E7A4F7556}") = "worker-js", "worker-js\worker-js.csproj", "{FFF16EF0-6B78-4CD0-A322-3659C7203BE2}"
EndProject
Project("{9A19103F-16F7-4668-BE54-9A1E7A4F7556}") = "testingutils", "common\testingutils\testingutils.csproj", "{0B00892F-C64C-4746-8464-35ED97BDD4DB}"
EndProject
Project("{9A19103F-16F7-4668-BE54-9A1E7A4F7556}") = "worker-sidecar", "worker-sidecar\worker-sidecar.csproj", "{7CCBAFBA-BCF5-420F-BCDB-28224DA08A63}"
EndProject
Project("{9A19103F-16F7-4668-BE54-9A1E7A4F7556}") = "orchestration-ui", "orchestration-ui\orchestration-ui.csproj", "{5B17FD41-9D84-4226-A291-D3E333873305}"
EndProject
Project("{9A19103F-16F7-4668-BE54-9A1E7A4F7556}") = "worker-sidecar-modules", "worker-sidecar-modules\worker-sidecar-modules.csproj", "{3E7EA97C-BBD6-4558-9F5A-F26EB81E227C}"
EndProject
Project("{9A19103F-16F7-4668-BE54-9A1E7A4F7556}") = "worker-sidecar.Tests", "worker-sidecar.Tests\worker-sidecar.Tests.csproj", "{54225345-9309-4FD0-970E-B5729B5FB3BA}"
EndProject
Project("{9A19103F-16F7-4668-BE54-9A1E7A4F7556}") = "worker-js-lib", "worker-js-lib\worker-js-lib.csproj", "{CD656EEC-A575-4A72-ABF4-D4911B4080B1}"
EndProject
Project("{9A19103F-16F7-4668-BE54-9A1E7A4F7556}") = "generalutils", "common\generalutils\generalutils.csproj", "{1F7783AA-4507-4D09-99B8-1B523BC5C7F3}"
EndProject
Project("{9A19103F-16F7-4668-BE54-9A1E7A4F7556}") = "encryption-benchmark", "common\encryption-benchmark\encryption-benchmark.csproj", "{50C84D78-F2E6-44DA-B824-8CFEB70F9FC5}"
EndProject
Project("{FAE04EC0-301F-11D3-BF4B-00C04F79EFBC}") = "job-archiver", "job-archiver\job-archiver.csproj", "{F391023A-6224-4463-9F96-178C46798D78}"
EndProject
Global
	GlobalSection(SolutionConfigurationPlatforms) = preSolution
		Debug|Any CPU = Debug|Any CPU
		Debug|x64 = Debug|x64
		Debug|x86 = Debug|x86
		Release|Any CPU = Release|Any CPU
		Release|x64 = Release|x64
		Release|x86 = Release|x86
	EndGlobalSection
	GlobalSection(ProjectConfigurationPlatforms) = postSolution
		{F1155235-ECAF-48EA-BA8C-D7C161DAD764}.Debug|Any CPU.ActiveCfg = Debug|Any CPU
		{F1155235-ECAF-48EA-BA8C-D7C161DAD764}.Debug|Any CPU.Build.0 = Debug|Any CPU
		{F1155235-ECAF-48EA-BA8C-D7C161DAD764}.Debug|x64.ActiveCfg = Debug|Any CPU
		{F1155235-ECAF-48EA-BA8C-D7C161DAD764}.Debug|x64.Build.0 = Debug|Any CPU
		{F1155235-ECAF-48EA-BA8C-D7C161DAD764}.Debug|x86.ActiveCfg = Debug|Any CPU
		{F1155235-ECAF-48EA-BA8C-D7C161DAD764}.Debug|x86.Build.0 = Debug|Any CPU
		{F1155235-ECAF-48EA-BA8C-D7C161DAD764}.Release|Any CPU.ActiveCfg = Release|Any CPU
		{F1155235-ECAF-48EA-BA8C-D7C161DAD764}.Release|Any CPU.Build.0 = Release|Any CPU
		{F1155235-ECAF-48EA-BA8C-D7C161DAD764}.Release|x64.ActiveCfg = Release|Any CPU
		{F1155235-ECAF-48EA-BA8C-D7C161DAD764}.Release|x64.Build.0 = Release|Any CPU
		{F1155235-ECAF-48EA-BA8C-D7C161DAD764}.Release|x86.ActiveCfg = Release|Any CPU
		{F1155235-ECAF-48EA-BA8C-D7C161DAD764}.Release|x86.Build.0 = Release|Any CPU
		{4F71EB95-5BB1-4B0D-8DB6-BF30CA7D5B76}.Debug|Any CPU.ActiveCfg = Debug|Any CPU
		{4F71EB95-5BB1-4B0D-8DB6-BF30CA7D5B76}.Debug|Any CPU.Build.0 = Debug|Any CPU
		{4F71EB95-5BB1-4B0D-8DB6-BF30CA7D5B76}.Debug|x64.ActiveCfg = Debug|Any CPU
		{4F71EB95-5BB1-4B0D-8DB6-BF30CA7D5B76}.Debug|x64.Build.0 = Debug|Any CPU
		{4F71EB95-5BB1-4B0D-8DB6-BF30CA7D5B76}.Debug|x86.ActiveCfg = Debug|Any CPU
		{4F71EB95-5BB1-4B0D-8DB6-BF30CA7D5B76}.Debug|x86.Build.0 = Debug|Any CPU
		{4F71EB95-5BB1-4B0D-8DB6-BF30CA7D5B76}.Release|Any CPU.ActiveCfg = Release|Any CPU
		{4F71EB95-5BB1-4B0D-8DB6-BF30CA7D5B76}.Release|Any CPU.Build.0 = Release|Any CPU
		{4F71EB95-5BB1-4B0D-8DB6-BF30CA7D5B76}.Release|x64.ActiveCfg = Release|Any CPU
		{4F71EB95-5BB1-4B0D-8DB6-BF30CA7D5B76}.Release|x64.Build.0 = Release|Any CPU
		{4F71EB95-5BB1-4B0D-8DB6-BF30CA7D5B76}.Release|x86.ActiveCfg = Release|Any CPU
		{4F71EB95-5BB1-4B0D-8DB6-BF30CA7D5B76}.Release|x86.Build.0 = Release|Any CPU
		{4D937430-33D6-451D-9091-DAFBBDC342AE}.Debug|Any CPU.ActiveCfg = Debug|Any CPU
		{4D937430-33D6-451D-9091-DAFBBDC342AE}.Debug|Any CPU.Build.0 = Debug|Any CPU
		{4D937430-33D6-451D-9091-DAFBBDC342AE}.Debug|x64.ActiveCfg = Debug|Any CPU
		{4D937430-33D6-451D-9091-DAFBBDC342AE}.Debug|x64.Build.0 = Debug|Any CPU
		{4D937430-33D6-451D-9091-DAFBBDC342AE}.Debug|x86.ActiveCfg = Debug|Any CPU
		{4D937430-33D6-451D-9091-DAFBBDC342AE}.Debug|x86.Build.0 = Debug|Any CPU
		{4D937430-33D6-451D-9091-DAFBBDC342AE}.Release|Any CPU.ActiveCfg = Release|Any CPU
		{4D937430-33D6-451D-9091-DAFBBDC342AE}.Release|Any CPU.Build.0 = Release|Any CPU
		{4D937430-33D6-451D-9091-DAFBBDC342AE}.Release|x64.ActiveCfg = Release|Any CPU
		{4D937430-33D6-451D-9091-DAFBBDC342AE}.Release|x64.Build.0 = Release|Any CPU
		{4D937430-33D6-451D-9091-DAFBBDC342AE}.Release|x86.ActiveCfg = Release|Any CPU
		{4D937430-33D6-451D-9091-DAFBBDC342AE}.Release|x86.Build.0 = Release|Any CPU
		{154386B9-A499-4144-BCB0-2B803FF5BE22}.Debug|Any CPU.ActiveCfg = Debug|Any CPU
		{154386B9-A499-4144-BCB0-2B803FF5BE22}.Debug|Any CPU.Build.0 = Debug|Any CPU
		{154386B9-A499-4144-BCB0-2B803FF5BE22}.Debug|x64.ActiveCfg = Debug|Any CPU
		{154386B9-A499-4144-BCB0-2B803FF5BE22}.Debug|x64.Build.0 = Debug|Any CPU
		{154386B9-A499-4144-BCB0-2B803FF5BE22}.Debug|x86.ActiveCfg = Debug|Any CPU
		{154386B9-A499-4144-BCB0-2B803FF5BE22}.Debug|x86.Build.0 = Debug|Any CPU
		{154386B9-A499-4144-BCB0-2B803FF5BE22}.Release|Any CPU.ActiveCfg = Release|Any CPU
		{154386B9-A499-4144-BCB0-2B803FF5BE22}.Release|Any CPU.Build.0 = Release|Any CPU
		{154386B9-A499-4144-BCB0-2B803FF5BE22}.Release|x64.ActiveCfg = Release|Any CPU
		{154386B9-A499-4144-BCB0-2B803FF5BE22}.Release|x64.Build.0 = Release|Any CPU
		{154386B9-A499-4144-BCB0-2B803FF5BE22}.Release|x86.ActiveCfg = Release|Any CPU
		{154386B9-A499-4144-BCB0-2B803FF5BE22}.Release|x86.Build.0 = Release|Any CPU
		{1BD88B36-1291-4D70-8517-513768D188FC}.Debug|Any CPU.ActiveCfg = Debug|Any CPU
		{1BD88B36-1291-4D70-8517-513768D188FC}.Debug|Any CPU.Build.0 = Debug|Any CPU
		{1BD88B36-1291-4D70-8517-513768D188FC}.Debug|x64.ActiveCfg = Debug|Any CPU
		{1BD88B36-1291-4D70-8517-513768D188FC}.Debug|x64.Build.0 = Debug|Any CPU
		{1BD88B36-1291-4D70-8517-513768D188FC}.Debug|x86.ActiveCfg = Debug|Any CPU
		{1BD88B36-1291-4D70-8517-513768D188FC}.Debug|x86.Build.0 = Debug|Any CPU
		{1BD88B36-1291-4D70-8517-513768D188FC}.Release|Any CPU.ActiveCfg = Release|Any CPU
		{1BD88B36-1291-4D70-8517-513768D188FC}.Release|Any CPU.Build.0 = Release|Any CPU
		{1BD88B36-1291-4D70-8517-513768D188FC}.Release|x64.ActiveCfg = Release|Any CPU
		{1BD88B36-1291-4D70-8517-513768D188FC}.Release|x64.Build.0 = Release|Any CPU
		{1BD88B36-1291-4D70-8517-513768D188FC}.Release|x86.ActiveCfg = Release|Any CPU
		{1BD88B36-1291-4D70-8517-513768D188FC}.Release|x86.Build.0 = Release|Any CPU
		{2F0BCBC1-A67D-43E7-9382-1126538AF03C}.Debug|Any CPU.ActiveCfg = Debug|Any CPU
		{2F0BCBC1-A67D-43E7-9382-1126538AF03C}.Debug|Any CPU.Build.0 = Debug|Any CPU
		{2F0BCBC1-A67D-43E7-9382-1126538AF03C}.Debug|x64.ActiveCfg = Debug|Any CPU
		{2F0BCBC1-A67D-43E7-9382-1126538AF03C}.Debug|x64.Build.0 = Debug|Any CPU
		{2F0BCBC1-A67D-43E7-9382-1126538AF03C}.Debug|x86.ActiveCfg = Debug|Any CPU
		{2F0BCBC1-A67D-43E7-9382-1126538AF03C}.Debug|x86.Build.0 = Debug|Any CPU
		{2F0BCBC1-A67D-43E7-9382-1126538AF03C}.Release|Any CPU.ActiveCfg = Release|Any CPU
		{2F0BCBC1-A67D-43E7-9382-1126538AF03C}.Release|Any CPU.Build.0 = Release|Any CPU
		{2F0BCBC1-A67D-43E7-9382-1126538AF03C}.Release|x64.ActiveCfg = Release|Any CPU
		{2F0BCBC1-A67D-43E7-9382-1126538AF03C}.Release|x64.Build.0 = Release|Any CPU
		{2F0BCBC1-A67D-43E7-9382-1126538AF03C}.Release|x86.ActiveCfg = Release|Any CPU
		{2F0BCBC1-A67D-43E7-9382-1126538AF03C}.Release|x86.Build.0 = Release|Any CPU
		{AC5B1603-F9FF-4793-AAAF-DB8025696C70}.Debug|Any CPU.ActiveCfg = Debug|Any CPU
		{AC5B1603-F9FF-4793-AAAF-DB8025696C70}.Debug|Any CPU.Build.0 = Debug|Any CPU
		{AC5B1603-F9FF-4793-AAAF-DB8025696C70}.Debug|x64.ActiveCfg = Debug|Any CPU
		{AC5B1603-F9FF-4793-AAAF-DB8025696C70}.Debug|x64.Build.0 = Debug|Any CPU
		{AC5B1603-F9FF-4793-AAAF-DB8025696C70}.Debug|x86.ActiveCfg = Debug|Any CPU
		{AC5B1603-F9FF-4793-AAAF-DB8025696C70}.Debug|x86.Build.0 = Debug|Any CPU
		{AC5B1603-F9FF-4793-AAAF-DB8025696C70}.Release|Any CPU.ActiveCfg = Release|Any CPU
		{AC5B1603-F9FF-4793-AAAF-DB8025696C70}.Release|Any CPU.Build.0 = Release|Any CPU
		{AC5B1603-F9FF-4793-AAAF-DB8025696C70}.Release|x64.ActiveCfg = Release|Any CPU
		{AC5B1603-F9FF-4793-AAAF-DB8025696C70}.Release|x64.Build.0 = Release|Any CPU
		{AC5B1603-F9FF-4793-AAAF-DB8025696C70}.Release|x86.ActiveCfg = Release|Any CPU
		{AC5B1603-F9FF-4793-AAAF-DB8025696C70}.Release|x86.Build.0 = Release|Any CPU
		{810669CC-CD2A-4639-929A-6B0A1E4CAC92}.Debug|Any CPU.ActiveCfg = Debug|Any CPU
		{810669CC-CD2A-4639-929A-6B0A1E4CAC92}.Debug|Any CPU.Build.0 = Debug|Any CPU
		{810669CC-CD2A-4639-929A-6B0A1E4CAC92}.Debug|x64.ActiveCfg = Debug|Any CPU
		{810669CC-CD2A-4639-929A-6B0A1E4CAC92}.Debug|x64.Build.0 = Debug|Any CPU
		{810669CC-CD2A-4639-929A-6B0A1E4CAC92}.Debug|x86.ActiveCfg = Debug|Any CPU
		{810669CC-CD2A-4639-929A-6B0A1E4CAC92}.Debug|x86.Build.0 = Debug|Any CPU
		{810669CC-CD2A-4639-929A-6B0A1E4CAC92}.Release|Any CPU.ActiveCfg = Release|Any CPU
		{810669CC-CD2A-4639-929A-6B0A1E4CAC92}.Release|Any CPU.Build.0 = Release|Any CPU
		{810669CC-CD2A-4639-929A-6B0A1E4CAC92}.Release|x64.ActiveCfg = Release|Any CPU
		{810669CC-CD2A-4639-929A-6B0A1E4CAC92}.Release|x64.Build.0 = Release|Any CPU
		{810669CC-CD2A-4639-929A-6B0A1E4CAC92}.Release|x86.ActiveCfg = Release|Any CPU
		{810669CC-CD2A-4639-929A-6B0A1E4CAC92}.Release|x86.Build.0 = Release|Any CPU
		{03DD6B6B-154C-4E85-A260-DB827D843986}.Debug|Any CPU.ActiveCfg = Debug|Any CPU
		{03DD6B6B-154C-4E85-A260-DB827D843986}.Debug|Any CPU.Build.0 = Debug|Any CPU
		{03DD6B6B-154C-4E85-A260-DB827D843986}.Debug|x64.ActiveCfg = Debug|Any CPU
		{03DD6B6B-154C-4E85-A260-DB827D843986}.Debug|x64.Build.0 = Debug|Any CPU
		{03DD6B6B-154C-4E85-A260-DB827D843986}.Debug|x86.ActiveCfg = Debug|Any CPU
		{03DD6B6B-154C-4E85-A260-DB827D843986}.Debug|x86.Build.0 = Debug|Any CPU
		{03DD6B6B-154C-4E85-A260-DB827D843986}.Release|Any CPU.ActiveCfg = Release|Any CPU
		{03DD6B6B-154C-4E85-A260-DB827D843986}.Release|Any CPU.Build.0 = Release|Any CPU
		{03DD6B6B-154C-4E85-A260-DB827D843986}.Release|x64.ActiveCfg = Release|Any CPU
		{03DD6B6B-154C-4E85-A260-DB827D843986}.Release|x64.Build.0 = Release|Any CPU
		{03DD6B6B-154C-4E85-A260-DB827D843986}.Release|x86.ActiveCfg = Release|Any CPU
		{03DD6B6B-154C-4E85-A260-DB827D843986}.Release|x86.Build.0 = Release|Any CPU
		{FFF16EF0-6B78-4CD0-A322-3659C7203BE2}.Debug|Any CPU.ActiveCfg = Debug|Any CPU
		{FFF16EF0-6B78-4CD0-A322-3659C7203BE2}.Debug|Any CPU.Build.0 = Debug|Any CPU
		{FFF16EF0-6B78-4CD0-A322-3659C7203BE2}.Debug|x64.ActiveCfg = Debug|Any CPU
		{FFF16EF0-6B78-4CD0-A322-3659C7203BE2}.Debug|x64.Build.0 = Debug|Any CPU
		{FFF16EF0-6B78-4CD0-A322-3659C7203BE2}.Debug|x86.ActiveCfg = Debug|Any CPU
		{FFF16EF0-6B78-4CD0-A322-3659C7203BE2}.Debug|x86.Build.0 = Debug|Any CPU
		{FFF16EF0-6B78-4CD0-A322-3659C7203BE2}.Release|Any CPU.ActiveCfg = Release|Any CPU
		{FFF16EF0-6B78-4CD0-A322-3659C7203BE2}.Release|Any CPU.Build.0 = Release|Any CPU
		{FFF16EF0-6B78-4CD0-A322-3659C7203BE2}.Release|x64.ActiveCfg = Release|Any CPU
		{FFF16EF0-6B78-4CD0-A322-3659C7203BE2}.Release|x64.Build.0 = Release|Any CPU
		{FFF16EF0-6B78-4CD0-A322-3659C7203BE2}.Release|x86.ActiveCfg = Release|Any CPU
		{FFF16EF0-6B78-4CD0-A322-3659C7203BE2}.Release|x86.Build.0 = Release|Any CPU
		{0B00892F-C64C-4746-8464-35ED97BDD4DB}.Debug|Any CPU.ActiveCfg = Debug|Any CPU
		{0B00892F-C64C-4746-8464-35ED97BDD4DB}.Debug|Any CPU.Build.0 = Debug|Any CPU
		{0B00892F-C64C-4746-8464-35ED97BDD4DB}.Debug|x64.ActiveCfg = Debug|Any CPU
		{0B00892F-C64C-4746-8464-35ED97BDD4DB}.Debug|x64.Build.0 = Debug|Any CPU
		{0B00892F-C64C-4746-8464-35ED97BDD4DB}.Debug|x86.ActiveCfg = Debug|Any CPU
		{0B00892F-C64C-4746-8464-35ED97BDD4DB}.Debug|x86.Build.0 = Debug|Any CPU
		{0B00892F-C64C-4746-8464-35ED97BDD4DB}.Release|Any CPU.ActiveCfg = Release|Any CPU
		{0B00892F-C64C-4746-8464-35ED97BDD4DB}.Release|Any CPU.Build.0 = Release|Any CPU
		{0B00892F-C64C-4746-8464-35ED97BDD4DB}.Release|x64.ActiveCfg = Release|Any CPU
		{0B00892F-C64C-4746-8464-35ED97BDD4DB}.Release|x64.Build.0 = Release|Any CPU
		{0B00892F-C64C-4746-8464-35ED97BDD4DB}.Release|x86.ActiveCfg = Release|Any CPU
		{0B00892F-C64C-4746-8464-35ED97BDD4DB}.Release|x86.Build.0 = Release|Any CPU
		{7CCBAFBA-BCF5-420F-BCDB-28224DA08A63}.Debug|Any CPU.ActiveCfg = Debug|Any CPU
		{7CCBAFBA-BCF5-420F-BCDB-28224DA08A63}.Debug|Any CPU.Build.0 = Debug|Any CPU
		{7CCBAFBA-BCF5-420F-BCDB-28224DA08A63}.Debug|x64.ActiveCfg = Debug|Any CPU
		{7CCBAFBA-BCF5-420F-BCDB-28224DA08A63}.Debug|x64.Build.0 = Debug|Any CPU
		{7CCBAFBA-BCF5-420F-BCDB-28224DA08A63}.Debug|x86.ActiveCfg = Debug|Any CPU
		{7CCBAFBA-BCF5-420F-BCDB-28224DA08A63}.Debug|x86.Build.0 = Debug|Any CPU
		{7CCBAFBA-BCF5-420F-BCDB-28224DA08A63}.Release|Any CPU.ActiveCfg = Release|Any CPU
		{7CCBAFBA-BCF5-420F-BCDB-28224DA08A63}.Release|Any CPU.Build.0 = Release|Any CPU
		{7CCBAFBA-BCF5-420F-BCDB-28224DA08A63}.Release|x64.ActiveCfg = Release|Any CPU
		{7CCBAFBA-BCF5-420F-BCDB-28224DA08A63}.Release|x64.Build.0 = Release|Any CPU
		{7CCBAFBA-BCF5-420F-BCDB-28224DA08A63}.Release|x86.ActiveCfg = Release|Any CPU
		{7CCBAFBA-BCF5-420F-BCDB-28224DA08A63}.Release|x86.Build.0 = Release|Any CPU
		{5B17FD41-9D84-4226-A291-D3E333873305}.Debug|Any CPU.ActiveCfg = Debug|Any CPU
		{5B17FD41-9D84-4226-A291-D3E333873305}.Debug|Any CPU.Build.0 = Debug|Any CPU
		{5B17FD41-9D84-4226-A291-D3E333873305}.Debug|x64.ActiveCfg = Debug|Any CPU
		{5B17FD41-9D84-4226-A291-D3E333873305}.Debug|x64.Build.0 = Debug|Any CPU
		{5B17FD41-9D84-4226-A291-D3E333873305}.Debug|x86.ActiveCfg = Debug|Any CPU
		{5B17FD41-9D84-4226-A291-D3E333873305}.Debug|x86.Build.0 = Debug|Any CPU
		{5B17FD41-9D84-4226-A291-D3E333873305}.Release|Any CPU.ActiveCfg = Release|Any CPU
		{5B17FD41-9D84-4226-A291-D3E333873305}.Release|Any CPU.Build.0 = Release|Any CPU
		{5B17FD41-9D84-4226-A291-D3E333873305}.Release|x64.ActiveCfg = Release|Any CPU
		{5B17FD41-9D84-4226-A291-D3E333873305}.Release|x64.Build.0 = Release|Any CPU
		{5B17FD41-9D84-4226-A291-D3E333873305}.Release|x86.ActiveCfg = Release|Any CPU
		{5B17FD41-9D84-4226-A291-D3E333873305}.Release|x86.Build.0 = Release|Any CPU
		{3E7EA97C-BBD6-4558-9F5A-F26EB81E227C}.Debug|Any CPU.ActiveCfg = Debug|Any CPU
		{3E7EA97C-BBD6-4558-9F5A-F26EB81E227C}.Debug|Any CPU.Build.0 = Debug|Any CPU
		{3E7EA97C-BBD6-4558-9F5A-F26EB81E227C}.Debug|x64.ActiveCfg = Debug|Any CPU
		{3E7EA97C-BBD6-4558-9F5A-F26EB81E227C}.Debug|x64.Build.0 = Debug|Any CPU
		{3E7EA97C-BBD6-4558-9F5A-F26EB81E227C}.Debug|x86.ActiveCfg = Debug|Any CPU
		{3E7EA97C-BBD6-4558-9F5A-F26EB81E227C}.Debug|x86.Build.0 = Debug|Any CPU
		{3E7EA97C-BBD6-4558-9F5A-F26EB81E227C}.Release|Any CPU.ActiveCfg = Release|Any CPU
		{3E7EA97C-BBD6-4558-9F5A-F26EB81E227C}.Release|Any CPU.Build.0 = Release|Any CPU
		{3E7EA97C-BBD6-4558-9F5A-F26EB81E227C}.Release|x64.ActiveCfg = Release|Any CPU
		{3E7EA97C-BBD6-4558-9F5A-F26EB81E227C}.Release|x64.Build.0 = Release|Any CPU
		{3E7EA97C-BBD6-4558-9F5A-F26EB81E227C}.Release|x86.ActiveCfg = Release|Any CPU
		{3E7EA97C-BBD6-4558-9F5A-F26EB81E227C}.Release|x86.Build.0 = Release|Any CPU
		{54225345-9309-4FD0-970E-B5729B5FB3BA}.Debug|Any CPU.ActiveCfg = Debug|Any CPU
		{54225345-9309-4FD0-970E-B5729B5FB3BA}.Debug|Any CPU.Build.0 = Debug|Any CPU
		{54225345-9309-4FD0-970E-B5729B5FB3BA}.Debug|x64.ActiveCfg = Debug|Any CPU
		{54225345-9309-4FD0-970E-B5729B5FB3BA}.Debug|x64.Build.0 = Debug|Any CPU
		{54225345-9309-4FD0-970E-B5729B5FB3BA}.Debug|x86.ActiveCfg = Debug|Any CPU
		{54225345-9309-4FD0-970E-B5729B5FB3BA}.Debug|x86.Build.0 = Debug|Any CPU
		{54225345-9309-4FD0-970E-B5729B5FB3BA}.Release|Any CPU.ActiveCfg = Release|Any CPU
		{54225345-9309-4FD0-970E-B5729B5FB3BA}.Release|Any CPU.Build.0 = Release|Any CPU
		{54225345-9309-4FD0-970E-B5729B5FB3BA}.Release|x64.ActiveCfg = Release|Any CPU
		{54225345-9309-4FD0-970E-B5729B5FB3BA}.Release|x64.Build.0 = Release|Any CPU
		{54225345-9309-4FD0-970E-B5729B5FB3BA}.Release|x86.ActiveCfg = Release|Any CPU
		{54225345-9309-4FD0-970E-B5729B5FB3BA}.Release|x86.Build.0 = Release|Any CPU
		{CD656EEC-A575-4A72-ABF4-D4911B4080B1}.Debug|Any CPU.ActiveCfg = Debug|Any CPU
		{CD656EEC-A575-4A72-ABF4-D4911B4080B1}.Debug|Any CPU.Build.0 = Debug|Any CPU
		{CD656EEC-A575-4A72-ABF4-D4911B4080B1}.Debug|x64.ActiveCfg = Debug|Any CPU
		{CD656EEC-A575-4A72-ABF4-D4911B4080B1}.Debug|x64.Build.0 = Debug|Any CPU
		{CD656EEC-A575-4A72-ABF4-D4911B4080B1}.Debug|x86.ActiveCfg = Debug|Any CPU
		{CD656EEC-A575-4A72-ABF4-D4911B4080B1}.Debug|x86.Build.0 = Debug|Any CPU
		{CD656EEC-A575-4A72-ABF4-D4911B4080B1}.Release|Any CPU.ActiveCfg = Release|Any CPU
		{CD656EEC-A575-4A72-ABF4-D4911B4080B1}.Release|Any CPU.Build.0 = Release|Any CPU
		{CD656EEC-A575-4A72-ABF4-D4911B4080B1}.Release|x64.ActiveCfg = Release|Any CPU
		{CD656EEC-A575-4A72-ABF4-D4911B4080B1}.Release|x64.Build.0 = Release|Any CPU
		{CD656EEC-A575-4A72-ABF4-D4911B4080B1}.Release|x86.ActiveCfg = Release|Any CPU
		{CD656EEC-A575-4A72-ABF4-D4911B4080B1}.Release|x86.Build.0 = Release|Any CPU
		{1F7783AA-4507-4D09-99B8-1B523BC5C7F3}.Debug|Any CPU.ActiveCfg = Debug|Any CPU
		{1F7783AA-4507-4D09-99B8-1B523BC5C7F3}.Debug|Any CPU.Build.0 = Debug|Any CPU
		{1F7783AA-4507-4D09-99B8-1B523BC5C7F3}.Debug|x64.ActiveCfg = Debug|Any CPU
		{1F7783AA-4507-4D09-99B8-1B523BC5C7F3}.Debug|x64.Build.0 = Debug|Any CPU
		{1F7783AA-4507-4D09-99B8-1B523BC5C7F3}.Debug|x86.ActiveCfg = Debug|Any CPU
		{1F7783AA-4507-4D09-99B8-1B523BC5C7F3}.Debug|x86.Build.0 = Debug|Any CPU
		{1F7783AA-4507-4D09-99B8-1B523BC5C7F3}.Release|Any CPU.ActiveCfg = Release|Any CPU
		{1F7783AA-4507-4D09-99B8-1B523BC5C7F3}.Release|Any CPU.Build.0 = Release|Any CPU
		{1F7783AA-4507-4D09-99B8-1B523BC5C7F3}.Release|x64.ActiveCfg = Release|Any CPU
		{1F7783AA-4507-4D09-99B8-1B523BC5C7F3}.Release|x64.Build.0 = Release|Any CPU
		{1F7783AA-4507-4D09-99B8-1B523BC5C7F3}.Release|x86.ActiveCfg = Release|Any CPU
		{1F7783AA-4507-4D09-99B8-1B523BC5C7F3}.Release|x86.Build.0 = Release|Any CPU
		{50C84D78-F2E6-44DA-B824-8CFEB70F9FC5}.Debug|Any CPU.ActiveCfg = Debug|Any CPU
		{50C84D78-F2E6-44DA-B824-8CFEB70F9FC5}.Debug|Any CPU.Build.0 = Debug|Any CPU
		{50C84D78-F2E6-44DA-B824-8CFEB70F9FC5}.Debug|x64.ActiveCfg = Debug|Any CPU
		{50C84D78-F2E6-44DA-B824-8CFEB70F9FC5}.Debug|x64.Build.0 = Debug|Any CPU
		{50C84D78-F2E6-44DA-B824-8CFEB70F9FC5}.Debug|x86.ActiveCfg = Debug|Any CPU
		{50C84D78-F2E6-44DA-B824-8CFEB70F9FC5}.Debug|x86.Build.0 = Debug|Any CPU
		{50C84D78-F2E6-44DA-B824-8CFEB70F9FC5}.Release|Any CPU.ActiveCfg = Release|Any CPU
		{50C84D78-F2E6-44DA-B824-8CFEB70F9FC5}.Release|Any CPU.Build.0 = Release|Any CPU
		{50C84D78-F2E6-44DA-B824-8CFEB70F9FC5}.Release|x64.ActiveCfg = Release|Any CPU
		{50C84D78-F2E6-44DA-B824-8CFEB70F9FC5}.Release|x64.Build.0 = Release|Any CPU
		{50C84D78-F2E6-44DA-B824-8CFEB70F9FC5}.Release|x86.ActiveCfg = Release|Any CPU
		{50C84D78-F2E6-44DA-B824-8CFEB70F9FC5}.Release|x86.Build.0 = Release|Any CPU
		{F391023A-6224-4463-9F96-178C46798D78}.Debug|Any CPU.ActiveCfg = Debug|Any CPU
		{F391023A-6224-4463-9F96-178C46798D78}.Debug|Any CPU.Build.0 = Debug|Any CPU
		{F391023A-6224-4463-9F96-178C46798D78}.Debug|x64.ActiveCfg = Debug|Any CPU
		{F391023A-6224-4463-9F96-178C46798D78}.Debug|x64.Build.0 = Debug|Any CPU
		{F391023A-6224-4463-9F96-178C46798D78}.Debug|x86.ActiveCfg = Debug|Any CPU
		{F391023A-6224-4463-9F96-178C46798D78}.Debug|x86.Build.0 = Debug|Any CPU
		{F391023A-6224-4463-9F96-178C46798D78}.Release|Any CPU.ActiveCfg = Release|Any CPU
		{F391023A-6224-4463-9F96-178C46798D78}.Release|Any CPU.Build.0 = Release|Any CPU
		{F391023A-6224-4463-9F96-178C46798D78}.Release|x64.ActiveCfg = Release|Any CPU
		{F391023A-6224-4463-9F96-178C46798D78}.Release|x64.Build.0 = Release|Any CPU
		{F391023A-6224-4463-9F96-178C46798D78}.Release|x86.ActiveCfg = Release|Any CPU
		{F391023A-6224-4463-9F96-178C46798D78}.Release|x86.Build.0 = Release|Any CPU
	EndGlobalSection
	GlobalSection(SolutionProperties) = preSolution
		HideSolutionNode = FALSE
	EndGlobalSection
	GlobalSection(ExtensibilityGlobals) = postSolution
		SolutionGuid = {833EF82C-A6C7-40E4-B9B2-B620A2F61F84}
	EndGlobalSection
EndGlobal
